
Microsoft Visual Studio Solution File, Format Version 12.00
# Visual Studio Version 17
VisualStudioVersion = 17.1.32210.238
MinimumVisualStudioVersion = 10.0.40219.1
Project("{FAE04EC0-301F-11D3-BF4B-00C04F79EFBC}") = "Exercise 8 Part C", "Exercise 8 Part C\Exercise 8 Part C.csproj", "{AB55BFA0-1429-4ECC-B699-E26302CFC6ED}"
EndProject
Global
	GlobalSection(SolutionConfigurationPlatforms) = preSolution
		Debug|Any CPU = Debug|Any CPU
		Release|Any CPU = Release|Any CPU
	EndGlobalSection
	GlobalSection(ProjectConfigurationPlatforms) = postSolution
		{AB55BFA0-1429-4ECC-B699-E26302CFC6ED}.Debug|Any CPU.ActiveCfg = Debug|Any CPU
		{AB55BFA0-1429-4ECC-B699-E26302CFC6ED}.Debug|Any CPU.Build.0 = Debug|Any CPU
		{AB55BFA0-1429-4ECC-B699-E26302CFC6ED}.Release|Any CPU.ActiveCfg = Release|Any CPU
		{AB55BFA0-1429-4ECC-B699-E26302CFC6ED}.Release|Any CPU.Build.0 = Release|Any CPU
	EndGlobalSection
	GlobalSection(SolutionProperties) = preSolution
		HideSolutionNode = FALSE
	EndGlobalSection
	GlobalSection(ExtensibilityGlobals) = postSolution
		SolutionGuid = {B92DDA96-6D0F-42F9-ADA5-FE3C04B53ACD}
	EndGlobalSection
EndGlobal
